// !$*UTF8*$!
{
	archiveVersion = 1;
	classes = {
	};
	objectVersion = 50;
	objects = {

/* Begin PBXBuildFile section */
		6D678480267A819900AC464D /* AppDelegate.swift in Sources */ = {isa = PBXBuildFile; fileRef = 6D67847F267A819900AC464D /* AppDelegate.swift */; };
		6D678482267A819900AC464D /* SceneDelegate.swift in Sources */ = {isa = PBXBuildFile; fileRef = 6D678481267A819900AC464D /* SceneDelegate.swift */; };
		6D678484267A819900AC464D /* ViewController.swift in Sources */ = {isa = PBXBuildFile; fileRef = 6D678483267A819900AC464D /* ViewController.swift */; };
		6D678489267A819900AC464D /* Assets.xcassets in Resources */ = {isa = PBXBuildFile; fileRef = 6D678488267A819900AC464D /* Assets.xcassets */; };
		6D67848C267A819900AC464D /* LaunchScreen.storyboard in Resources */ = {isa = PBXBuildFile; fileRef = 6D67848A267A819900AC464D /* LaunchScreen.storyboard */; };
		6D678494267A836B00AC464D /* Main.storyboard in Resources */ = {isa = PBXBuildFile; fileRef = 6D678493267A836B00AC464D /* Main.storyboard */; };
		6D678499267A841B00AC464D /* CoinManager.swift in Sources */ = {isa = PBXBuildFile; fileRef = 6D678498267A841B00AC464D /* CoinManager.swift */; };
		6D67849B267A8FF300AC464D /* CoinData.swift in Sources */ = {isa = PBXBuildFile; fileRef = 6D67849A267A8FF300AC464D /* CoinData.swift */; };
/* End PBXBuildFile section */

/* Begin PBXFileReference section */
		6D67847C267A819900AC464D /* BitChange.app */ = {isa = PBXFileReference; explicitFileType = wrapper.application; includeInIndex = 0; path = BitChange.app; sourceTree = BUILT_PRODUCTS_DIR; };
		6D67847F267A819900AC464D /* AppDelegate.swift */ = {isa = PBXFileReference; lastKnownFileType = sourcecode.swift; path = AppDelegate.swift; sourceTree = "<group>"; };
		6D678481267A819900AC464D /* SceneDelegate.swift */ = {isa = PBXFileReference; lastKnownFileType = sourcecode.swift; path = SceneDelegate.swift; sourceTree = "<group>"; };
		6D678483267A819900AC464D /* ViewController.swift */ = {isa = PBXFileReference; lastKnownFileType = sourcecode.swift; path = ViewController.swift; sourceTree = "<group>"; };
		6D678488267A819900AC464D /* Assets.xcassets */ = {isa = PBXFileReference; lastKnownFileType = folder.assetcatalog; path = Assets.xcassets; sourceTree = "<group>"; };
		6D67848B267A819900AC464D /* Base */ = {isa = PBXFileReference; lastKnownFileType = file.storyboard; name = Base; path = Base.lproj/LaunchScreen.storyboard; sourceTree = "<group>"; };
		6D67848D267A819900AC464D /* Info.plist */ = {isa = PBXFileReference; lastKnownFileType = text.plist.xml; path = Info.plist; sourceTree = "<group>"; };
		6D678493267A836B00AC464D /* Main.storyboard */ = {isa = PBXFileReference; fileEncoding = 4; lastKnownFileType = file.storyboard; path = Main.storyboard; sourceTree = "<group>"; };
		6D678498267A841B00AC464D /* CoinManager.swift */ = {isa = PBXFileReference; lastKnownFileType = sourcecode.swift; path = CoinManager.swift; sourceTree = "<group>"; };
		6D67849A267A8FF300AC464D /* CoinData.swift */ = {isa = PBXFileReference; lastKnownFileType = sourcecode.swift; path = CoinData.swift; sourceTree = "<group>"; };
/* End PBXFileReference section */

/* Begin PBXFrameworksBuildPhase section */
		6D678479267A819900AC464D /* Frameworks */ = {
			isa = PBXFrameworksBuildPhase;
			buildActionMask = 2147483647;
			files = (
			);
			runOnlyForDeploymentPostprocessing = 0;
		};
/* End PBXFrameworksBuildPhase section */

/* Begin PBXGroup section */
		6D678473267A819900AC464D = {
			isa = PBXGroup;
			children = (
				6D67847E267A819900AC464D /* BitChange */,
				6D67847D267A819900AC464D /* Products */,
			);
			sourceTree = "<group>";
		};
		6D67847D267A819900AC464D /* Products */ = {
			isa = PBXGroup;
			children = (
				6D67847C267A819900AC464D /* BitChange.app */,
			);
			name = Products;
			sourceTree = "<group>";
		};
		6D67847E267A819900AC464D /* BitChange */ = {
			isa = PBXGroup;
			children = (
				6D67847F267A819900AC464D /* AppDelegate.swift */,
				6D678481267A819900AC464D /* SceneDelegate.swift */,
				6D678497267A83E100AC464D /* Model */,
				6D678495267A837F00AC464D /* View */,
				6D678496267A83C200AC464D /* Controller */,
				6D678488267A819900AC464D /* Assets.xcassets */,
				6D67848A267A819900AC464D /* LaunchScreen.storyboard */,
				6D67848D267A819900AC464D /* Info.plist */,
			);
			path = BitChange;
			sourceTree = "<group>";
		};
		6D678495267A837F00AC464D /* View */ = {
			isa = PBXGroup;
			children = (
				6D678493267A836B00AC464D /* Main.storyboard */,
			);
			path = View;
			sourceTree = "<group>";
		};
		6D678496267A83C200AC464D /* Controller */ = {
			isa = PBXGroup;
			children = (
				6D678483267A819900AC464D /* ViewController.swift */,
			);
			path = Controller;
			sourceTree = "<group>";
		};
		6D678497267A83E100AC464D /* Model */ = {
			isa = PBXGroup;
			children = (
				6D678498267A841B00AC464D /* CoinManager.swift */,
				6D67849A267A8FF300AC464D /* CoinData.swift */,
			);
			path = Model;
			sourceTree = "<group>";
		};
/* End PBXGroup section */

/* Begin PBXNativeTarget section */
		6D67847B267A819900AC464D /* BitChange */ = {
			isa = PBXNativeTarget;
			buildConfigurationList = 6D678490267A819900AC464D /* Build configuration list for PBXNativeTarget "BitChange" */;
			buildPhases = (
				6D678478267A819900AC464D /* Sources */,
				6D678479267A819900AC464D /* Frameworks */,
				6D67847A267A819900AC464D /* Resources */,
			);
			buildRules = (
			);
			dependencies = (
			);
			name = BitChange;
			productName = BitChange;
			productReference = 6D67847C267A819900AC464D /* BitChange.app */;
			productType = "com.apple.product-type.application";
		};
/* End PBXNativeTarget section */

/* Begin PBXProject section */
		6D678474267A819900AC464D /* Project object */ = {
			isa = PBXProject;
			attributes = {
				LastSwiftUpdateCheck = 1250;
				LastUpgradeCheck = 1250;
				TargetAttributes = {
					6D67847B267A819900AC464D = {
						CreatedOnToolsVersion = 12.5;
					};
				};
			};
			buildConfigurationList = 6D678477267A819900AC464D /* Build configuration list for PBXProject "BitChange" */;
			compatibilityVersion = "Xcode 9.3";
			developmentRegion = en;
			hasScannedForEncodings = 0;
			knownRegions = (
				en,
				Base,
			);
			mainGroup = 6D678473267A819900AC464D;
			productRefGroup = 6D67847D267A819900AC464D /* Products */;
			projectDirPath = "";
			projectRoot = "";
			targets = (
				6D67847B267A819900AC464D /* BitChange */,
			);
		};
/* End PBXProject section */

/* Begin PBXResourcesBuildPhase section */
		6D67847A267A819900AC464D /* Resources */ = {
			isa = PBXResourcesBuildPhase;
			buildActionMask = 2147483647;
			files = (
				6D678494267A836B00AC464D /* Main.storyboard in Resources */,
				6D67848C267A819900AC464D /* LaunchScreen.storyboard in Resources */,
				6D678489267A819900AC464D /* Assets.xcassets in Resources */,
			);
			runOnlyForDeploymentPostprocessing = 0;
		};
/* End PBXResourcesBuildPhase section */

/* Begin PBXSourcesBuildPhase section */
		6D678478267A819900AC464D /* Sources */ = {
			isa = PBXSourcesBuildPhase;
			buildActionMask = 2147483647;
			files = (
				6D678499267A841B00AC464D /* CoinManager.swift in Sources */,
				6D678484267A819900AC464D /* ViewController.swift in Sources */,
				6D67849B267A8FF300AC464D /* CoinData.swift in Sources */,
				6D678480267A819900AC464D /* AppDelegate.swift in Sources */,
				6D678482267A819900AC464D /* SceneDelegate.swift in Sources */,
			);
			runOnlyForDeploymentPostprocessing = 0;
		};
/* End PBXSourcesBuildPhase section */

/* Begin PBXVariantGroup section */
		6D67848A267A819900AC464D /* LaunchScreen.storyboard */ = {
			isa = PBXVariantGroup;
			children = (
				6D67848B267A819900AC464D /* Base */,
			);
			name = LaunchScreen.storyboard;
			sourceTree = "<group>";
		};
/* End PBXVariantGroup section */

/* Begin XCBuildConfiguration section */
		6D67848E267A819900AC464D /* Debug */ = {
			isa = XCBuildConfiguration;
			buildSettings = {
				ALWAYS_SEARCH_USER_PATHS = NO;
				CLANG_ANALYZER_NONNULL = YES;
				CLANG_ANALYZER_NUMBER_OBJECT_CONVERSION = YES_AGGRESSIVE;
				CLANG_CXX_LANGUAGE_STANDARD = "gnu++14";
				CLANG_CXX_LIBRARY = "libc++";
				CLANG_ENABLE_MODULES = YES;
				CLANG_ENABLE_OBJC_ARC = YES;
				CLANG_ENABLE_OBJC_WEAK = YES;
				CLANG_WARN_BLOCK_CAPTURE_AUTORELEASING = YES;
				CLANG_WARN_BOOL_CONVERSION = YES;
				CLANG_WARN_COMMA = YES;
				CLANG_WARN_CONSTANT_CONVERSION = YES;
				CLANG_WARN_DEPRECATED_OBJC_IMPLEMENTATIONS = YES;
				CLANG_WARN_DIRECT_OBJC_ISA_USAGE = YES_ERROR;
				CLANG_WARN_DOCUMENTATION_COMMENTS = YES;
				CLANG_WARN_EMPTY_BODY = YES;
				CLANG_WARN_ENUM_CONVERSION = YES;
				CLANG_WARN_INFINITE_RECURSION = YES;
				CLANG_WARN_INT_CONVERSION = YES;
				CLANG_WARN_NON_LITERAL_NULL_CONVERSION = YES;
				CLANG_WARN_OBJC_IMPLICIT_RETAIN_SELF = YES;
				CLANG_WARN_OBJC_LITERAL_CONVERSION = YES;
				CLANG_WARN_OBJC_ROOT_CLASS = YES_ERROR;
				CLANG_WARN_QUOTED_INCLUDE_IN_FRAMEWORK_HEADER = YES;
				CLANG_WARN_RANGE_LOOP_ANALYSIS = YES;
				CLANG_WARN_STRICT_PROTOTYPES = YES;
				CLANG_WARN_SUSPICIOUS_MOVE = YES;
				CLANG_WARN_UNGUARDED_AVAILABILITY = YES_AGGRESSIVE;
				CLANG_WARN_UNREACHABLE_CODE = YES;
				CLANG_WARN__DUPLICATE_METHOD_MATCH = YES;
				COPY_PHASE_STRIP = NO;
				DEBUG_INFORMATION_FORMAT = dwarf;
				ENABLE_STRICT_OBJC_MSGSEND = YES;
				ENABLE_TESTABILITY = YES;
				GCC_C_LANGUAGE_STANDARD = gnu11;
				GCC_DYNAMIC_NO_PIC = NO;
				GCC_NO_COMMON_BLOCKS = YES;
				GCC_OPTIMIZATION_LEVEL = 0;
				GCC_PREPROCESSOR_DEFINITIONS = (
					"DEBUG=1",
					"$(inherited)",
				);
				GCC_WARN_64_TO_32_BIT_CONVERSION = YES;
				GCC_WARN_ABOUT_RETURN_TYPE = YES_ERROR;
				GCC_WARN_UNDECLARED_SELECTOR = YES;
				GCC_WARN_UNINITIALIZED_AUTOS = YES_AGGRESSIVE;
				GCC_WARN_UNUSED_FUNCTION = YES;
				GCC_WARN_UNUSED_VARIABLE = YES;
				IPHONEOS_DEPLOYMENT_TARGET = 14.5;
				MTL_ENABLE_DEBUG_INFO = INCLUDE_SOURCE;
				MTL_FAST_MATH = YES;
				ONLY_ACTIVE_ARCH = YES;
				SDKROOT = iphoneos;
				SWIFT_ACTIVE_COMPILATION_CONDITIONS = DEBUG;
				SWIFT_OPTIMIZATION_LEVEL = "-Onone";
			};
			name = Debug;
		};
		6D67848F267A819900AC464D /* Release */ = {
			isa = XCBuildConfiguration;
			buildSettings = {
				ALWAYS_SEARCH_USER_PATHS = NO;
				CLANG_ANALYZER_NONNULL = YES;
				CLANG_ANALYZER_NUMBER_OBJECT_CONVERSION = YES_AGGRESSIVE;
				CLANG_CXX_LANGUAGE_STANDARD = "gnu++14";
				CLANG_CXX_LIBRARY = "libc++";
				CLANG_ENABLE_MODULES = YES;
				CLANG_ENABLE_OBJC_ARC = YES;
				CLANG_ENABLE_OBJC_WEAK = YES;
				CLANG_WARN_BLOCK_CAPTURE_AUTORELEASING = YES;
				CLANG_WARN_BOOL_CONVERSION = YES;
				CLANG_WARN_COMMA = YES;
				CLANG_WARN_CONSTANT_CONVERSION = YES;
				CLANG_WARN_DEPRECATED_OBJC_IMPLEMENTATIONS = YES;
				CLANG_WARN_DIRECT_OBJC_ISA_USAGE = YES_ERROR;
				CLANG_WARN_DOCUMENTATION_COMMENTS = YES;
				CLANG_WARN_EMPTY_BODY = YES;
				CLANG_WARN_ENUM_CONVERSION = YES;
				CLANG_WARN_INFINITE_RECURSION = YES;
				CLANG_WARN_INT_CONVERSION = YES;
				CLANG_WARN_NON_LITERAL_NULL_CONVERSION = YES;
				CLANG_WARN_OBJC_IMPLICIT_RETAIN_SELF = YES;
				CLANG_WARN_OBJC_LITERAL_CONVERSION = YES;
				CLANG_WARN_OBJC_ROOT_CLASS = YES_ERROR;
				CLANG_WARN_QUOTED_INCLUDE_IN_FRAMEWORK_HEADER = YES;
				CLANG_WARN_RANGE_LOOP_ANALYSIS = YES;
				CLANG_WARN_STRICT_PROTOTYPES = YES;
				CLANG_WARN_SUSPICIOUS_MOVE = YES;
				CLANG_WARN_UNGUARDED_AVAILABILITY = YES_AGGRESSIVE;
				CLANG_WARN_UNREACHABLE_CODE = YES;
				CLANG_WARN__DUPLICATE_METHOD_MATCH = YES;
				COPY_PHASE_STRIP = NO;
				DEBUG_INFORMATION_FORMAT = "dwarf-with-dsym";
				ENABLE_NS_ASSERTIONS = NO;
				ENABLE_STRICT_OBJC_MSGSEND = YES;
				GCC_C_LANGUAGE_STANDARD = gnu11;
				GCC_NO_COMMON_BLOCKS = YES;
				GCC_WARN_64_TO_32_BIT_CONVERSION = YES;
				GCC_WARN_ABOUT_RETURN_TYPE = YES_ERROR;
				GCC_WARN_UNDECLARED_SELECTOR = YES;
				GCC_WARN_UNINITIALIZED_AUTOS = YES_AGGRESSIVE;
				GCC_WARN_UNUSED_FUNCTION = YES;
				GCC_WARN_UNUSED_VARIABLE = YES;
				IPHONEOS_DEPLOYMENT_TARGET = 14.5;
				MTL_ENABLE_DEBUG_INFO = NO;
				MTL_FAST_MATH = YES;
				SDKROOT = iphoneos;
				SWIFT_COMPILATION_MODE = wholemodule;
				SWIFT_OPTIMIZATION_LEVEL = "-O";
				VALIDATE_PRODUCT = YES;
			};
			name = Release;
		};
		6D678491267A819900AC464D /* Debug */ = {
			isa = XCBuildConfiguration;
			buildSettings = {
				ASSETCATALOG_COMPILER_APPICON_NAME = AppIcon;
				ASSETCATALOG_COMPILER_GLOBAL_ACCENT_COLOR_NAME = AccentColor;
				CODE_SIGN_STYLE = Automatic;
				DEVELOPMENT_TEAM = YMPFHSX9UB;
				INFOPLIST_FILE = BitChange/Info.plist;
				LD_RUNPATH_SEARCH_PATHS = (
					"$(inherited)",
					"@executable_path/Frameworks",
				);
				PRODUCT_BUNDLE_IDENTIFIER = com.AleksFF.BitChange;
				PRODUCT_NAME = "$(TARGET_NAME)";
				SWIFT_VERSION = 5.0;
				TARGETED_DEVICE_FAMILY = "1,2";
			};
			name = Debug;
		};
		6D678492267A819900AC464D /* Release */ = {
			isa = XCBuildConfiguration;
			buildSettings = {
				ASSETCATALOG_COMPILER_APPICON_NAME = AppIcon;
				ASSETCATALOG_COMPILER_GLOBAL_ACCENT_COLOR_NAME = AccentColor;
				CODE_SIGN_STYLE = Automatic;
				DEVELOPMENT_TEAM = YMPFHSX9UB;
				INFOPLIST_FILE = BitChange/Info.plist;
				LD_RUNPATH_SEARCH_PATHS = (
					"$(inherited)",
					"@executable_path/Frameworks",
				);
				PRODUCT_BUNDLE_IDENTIFIER = com.AleksFF.BitChange;
				PRODUCT_NAME = "$(TARGET_NAME)";
				SWIFT_VERSION = 5.0;
				TARGETED_DEVICE_FAMILY = "1,2";
			};
			name = Release;
		};
/* End XCBuildConfiguration section */

/* Begin XCConfigurationList section */
		6D678477267A819900AC464D /* Build configuration list for PBXProject "BitChange" */ = {
			isa = XCConfigurationList;
			buildConfigurations = (
				6D67848E267A819900AC464D /* Debug */,
				6D67848F267A819900AC464D /* Release */,
			);
			defaultConfigurationIsVisible = 0;
			defaultConfigurationName = Release;
		};
		6D678490267A819900AC464D /* Build configuration list for PBXNativeTarget "BitChange" */ = {
			isa = XCConfigurationList;
			buildConfigurations = (
				6D678491267A819900AC464D /* Debug */,
				6D678492267A819900AC464D /* Release */,
			);
			defaultConfigurationIsVisible = 0;
			defaultConfigurationName = Release;
		};
/* End XCConfigurationList section */
	};
	rootObject = 6D678474267A819900AC464D /* Project object */;
}
